Microsoft Visual Studio Solution File, Format Version 12.00
# Visual Studio Version 16
VisualStudioVersion = 16.0.30523.141
MinimumVisualStudioVersion = 10.0.40219.1
Project("{9A19103F-16F7-4668-BE54-9A1E7A4F7556}") = "Student.Api.Template", "src\Student.Api.Template\Student.Api.Template.csproj", "{70C46428-16BB-44F3-A560-6EF169DAFD34}"
EndProject
Project("{9A19103F-16F7-4668-BE54-9A1E7A4F7556}") = "Student.Api.Template.Tests", "src\Student.Api.Template.Tests\Student.Api.Template.Tests.csproj", "{8AEAC1E8-0D59-4296-A7D7-90C8F44D64E2}"
EndProject
Project("{9A19103F-16F7-4668-BE54-9A1E7A4F7556}") = "Student.Api.Template.Services", "src\Student.Api.Template.Services\Student.Api.Template.Services.csproj", "{E84D7327-1A5F-4C2D-8AE5-5A99D1F2356B}"
EndProject
Global
	GlobalSection(SolutionConfigurationPlatforms) = preSolution
		Debug|Any CPU = Debug|Any CPU
		Release|Any CPU = Release|Any CPU
	EndGlobalSection
	GlobalSection(ProjectConfigurationPlatforms) = postSolution
		{70C46428-16BB-44F3-A560-6EF169DAFD34}.Debug|Any CPU.ActiveCfg = Debug|Any CPU
		{70C46428-16BB-44F3-A560-6EF169DAFD34}.Debug|Any CPU.Build.0 = Debug|Any CPU
		{70C46428-16BB-44F3-A560-6EF169DAFD34}.Release|Any CPU.ActiveCfg = Release|Any CPU
		{70C46428-16BB-44F3-A560-6EF169DAFD34}.Release|Any CPU.Build.0 = Release|Any CPU
		{8AEAC1E8-0D59-4296-A7D7-90C8F44D64E2}.Debug|Any CPU.ActiveCfg = Debug|Any CPU
		{8AEAC1E8-0D59-4296-A7D7-90C8F44D64E2}.Debug|Any CPU.Build.0 = Debug|Any CPU
		{8AEAC1E8-0D59-4296-A7D7-90C8F44D64E2}.Release|Any CPU.ActiveCfg = Release|Any CPU
		{8AEAC1E8-0D59-4296-A7D7-90C8F44D64E2}.Release|Any CPU.Build.0 = Release|Any CPU
		{E84D7327-1A5F-4C2D-8AE5-5A99D1F2356B}.Debug|Any CPU.ActiveCfg = Debug|Any CPU
		{E84D7327-1A5F-4C2D-8AE5-5A99D1F2356B}.Debug|Any CPU.Build.0 = Debug|Any CPU
		{E84D7327-1A5F-4C2D-8AE5-5A99D1F2356B}.Release|Any CPU.ActiveCfg = Release|Any CPU
		{E84D7327-1A5F-4C2D-8AE5-5A99D1F2356B}.Release|Any CPU.Build.0 = Release|Any CPU
		{8DC09113-6665-4FEC-B5A2-F949681FE8F0}.Debug|Any CPU.ActiveCfg = Debug|Any CPU
		{8DC09113-6665-4FEC-B5A2-F949681FE8F0}.Debug|Any CPU.Build.0 = Debug|Any CPU
		{8DC09113-6665-4FEC-B5A2-F949681FE8F0}.Release|Any CPU.ActiveCfg = Release|Any CPU
		{8DC09113-6665-4FEC-B5A2-F949681FE8F0}.Release|Any CPU.Build.0 = Release|Any CPU
		{39B6116C-C7B2-4503-838A-80634C8600D4}.Debug|Any CPU.ActiveCfg = Debug|Any CPU
		{39B6116C-C7B2-4503-838A-80634C8600D4}.Debug|Any CPU.Build.0 = Debug|Any CPU
		{39B6116C-C7B2-4503-838A-80634C8600D4}.Release|Any CPU.ActiveCfg = Release|Any CPU
		{39B6116C-C7B2-4503-838A-80634C8600D4}.Release|Any CPU.Build.0 = Release|Any CPU
	EndGlobalSection
	GlobalSection(SolutionProperties) = preSolution
		HideSolutionNode = FALSE
	EndGlobalSection
	GlobalSection(ExtensibilityGlobals) = postSolution
		SolutionGuid = {4C24C2B1-F7DA-4DD7-A5AF-C7653D438443}
	EndGlobalSection
EndGlobal
